
Microsoft Visual Studio Solution File, Format Version 12.00
# Visual Studio Version 16
VisualStudioVersion = 16.0.31727.386
MinimumVisualStudioVersion = 10.0.40219.1
Project("{8BC9CEB8-8B4A-11D0-8D11-00A0C91BC942}") = "tep4", "tep4.vcxproj", "{801FFCC0-914C-4F32-A253-067B4DE68891}"
EndProject
Global
	GlobalSection(SolutionConfigurationPlatforms) = preSolution
		Debug|x64 = Debug|x64
		Debug|x86 = Debug|x86
		Release|x64 = Release|x64
		Release|x86 = Release|x86
	EndGlobalSection
	GlobalSection(ProjectConfigurationPlatforms) = postSolution
		{801FFCC0-914C-4F32-A253-067B4DE68891}.Debug|x64.ActiveCfg = Debug|x64
		{801FFCC0-914C-4F32-A253-067B4DE68891}.Debug|x64.Build.0 = Debug|x64
		{801FFCC0-914C-4F32-A253-067B4DE68891}.Debug|x86.ActiveCfg = Debug|Win32
		{801FFCC0-914C-4F32-A253-067B4DE68891}.Debug|x86.Build.0 = Debug|Win32
		{801FFCC0-914C-4F32-A253-067B4DE68891}.Release|x64.ActiveCfg = Release|x64
		{801FFCC0-914C-4F32-A253-067B4DE68891}.Release|x64.Build.0 = Release|x64
		{801FFCC0-914C-4F32-A253-067B4DE68891}.Release|x86.ActiveCfg = Release|Win32
		{801FFCC0-914C-4F32-A253-067B4DE68891}.Release|x86.Build.0 = Release|Win32
	EndGlobalSection
	GlobalSection(SolutionProperties) = preSolution
		HideSolutionNode = FALSE
	EndGlobalSection
	GlobalSection(ExtensibilityGlobals) = postSolution
		SolutionGuid = {F120CB83-1147-4A16-A99B-AAF1AD6CB6A5}
	EndGlobalSection
EndGlobal
