
Microsoft Visual Studio Solution File, Format Version 12.00
# Visual Studio Version 16
VisualStudioVersion = 16.0.31911.196
MinimumVisualStudioVersion = 10.0.40219.1
Project("{8BC9CEB8-8B4A-11D0-8D11-00A0C91BC942}") = "miniProject", "miniProject\miniProject.vcxproj", "{721808DB-0A51-48C1-A309-481B12726FA7}"
EndProject
Global
	GlobalSection(SolutionConfigurationPlatforms) = preSolution
		Debug|x64 = Debug|x64
		Debug|x86 = Debug|x86
		Release|x64 = Release|x64
		Release|x86 = Release|x86
	EndGlobalSection
	GlobalSection(ProjectConfigurationPlatforms) = postSolution
		{721808DB-0A51-48C1-A309-481B12726FA7}.Debug|x64.ActiveCfg = Debug|x64
		{721808DB-0A51-48C1-A309-481B12726FA7}.Debug|x64.Build.0 = Debug|x64
		{721808DB-0A51-48C1-A309-481B12726FA7}.Debug|x86.ActiveCfg = Debug|Win32
		{721808DB-0A51-48C1-A309-481B12726FA7}.Debug|x86.Build.0 = Debug|Win32
		{721808DB-0A51-48C1-A309-481B12726FA7}.Release|x64.ActiveCfg = Release|x64
		{721808DB-0A51-48C1-A309-481B12726FA7}.Release|x64.Build.0 = Release|x64
		{721808DB-0A51-48C1-A309-481B12726FA7}.Release|x86.ActiveCfg = Release|Win32
		{721808DB-0A51-48C1-A309-481B12726FA7}.Release|x86.Build.0 = Release|Win32
	EndGlobalSection
	GlobalSection(SolutionProperties) = preSolution
		HideSolutionNode = FALSE
	EndGlobalSection
	GlobalSection(ExtensibilityGlobals) = postSolution
		SolutionGuid = {E3B4B947-1058-4017-81DF-F9AF85BDDD45}
	EndGlobalSection
EndGlobal
